
Microsoft Visual Studio Solution File, Format Version 12.00
# Visual Studio Version 17
VisualStudioVersion = 17.10.35122.118
MinimumVisualStudioVersion = 10.0.40219.1
Project("{FAE04EC0-301F-11D3-BF4B-00C04F79EFBC}") = "WindowsFormsApp3", "WindowsFormsApp3\WindowsFormsApp3.csproj", "{5DC5F5FC-07FB-4466-A9DF-9D07D57FB9D5}"
EndProject
Global
	GlobalSection(SolutionConfigurationPlatforms) = preSolution
		Debug|Any CPU = Debug|Any CPU
		Release|Any CPU = Release|Any CPU
	EndGlobalSection
	GlobalSection(ProjectConfigurationPlatforms) = postSolution
		{5DC5F5FC-07FB-4466-A9DF-9D07D57FB9D5}.Debug|Any CPU.ActiveCfg = Debug|Any CPU
		{5DC5F5FC-07FB-4466-A9DF-9D07D57FB9D5}.Debug|Any CPU.Build.0 = Debug|Any CPU
		{5DC5F5FC-07FB-4466-A9DF-9D07D57FB9D5}.Release|Any CPU.ActiveCfg = Release|Any CPU
		{5DC5F5FC-07FB-4466-A9DF-9D07D57FB9D5}.Release|Any CPU.Build.0 = Release|Any CPU
	EndGlobalSection
	GlobalSection(SolutionProperties) = preSolution
		HideSolutionNode = FALSE
	EndGlobalSection
	GlobalSection(ExtensibilityGlobals) = postSolution
		SolutionGuid = {C4DA6920-5DC5-46BD-AA29-B713D0958F6F}
	EndGlobalSection
EndGlobal
